<?xml version="1.0" encoding="utf-8"?>
<Project ToolsVersion="4.0" xmlns="http://schemas.microsoft.com/developer/msbuild/2003">
  <ItemGroup>
    <Filter Include="Source Files">
      <UniqueIdentifier>{4FC737F1-C7A5-4376-A066-2A32D752A2FF}</UniqueIdentifier>
      <Extensions>cpp;c;cc;cxx;def;odl;idl;hpj;bat;asm;asmx</Extensions>
    </Filter>
    <Filter Include="Header Files">
      <UniqueIdentifier>{93995380-89BD-4b04-88EB-625FBE52EBFB}</UniqueIdentifier>
      <Extensions>h;hh;hpp;hxx;hm;inl;inc;xsd</Extensions>
    </Filter>
    <Filter Include="Resource Files">
      <UniqueIdentifier>{67DA6AB6-F800-4c08-8B7A-83BB121AAD01}</UniqueIdentifier>
      <Extensions>rc;ico;cur;bmp;dlg;rc2;rct;bin;rgs;gif;jpg;jpeg;jpe;resx;tiff;tif;png;wav</Extensions>
    </Filter>
    <Filter Include="Header Files\shared">
      <UniqueIdentifier>{b7692b5e-4ef6-41d8-972d-adbc5faa253e}</UniqueIdentifier>
    </Filter>
    <Filter Include="Source Files\Shared">
      <UniqueIdentifier>{2aeaaaf4-3c18-4b4b-8c24-c4b2953a42fb}</UniqueIdentifier>
    </Filter>
    <Filter Include="Header Files\shared\containers">
      <UniqueIdentifier>{129d506f-e2bb-4712-b15f-d07d8c9fe1f3}</UniqueIdentifier>
    </Filter>
    <Filter Include="Header Files\shared\package">
      <UniqueIdentifier>{c1f2911c-0115-405e-92e4-d7c45f88dde6}</UniqueIdentifier>
    </Filter>
    <Filter Include="Header Files\shared\identidiers">
      <UniqueIdentifier>{6d10a8b2-c369-49d5-a1d1-f7b0647cdfb3}</UniqueIdentifier>
    </Filter>
  </ItemGroup>
  <ItemGroup>
    <ClCompile Include="..\..\src\client\clog.cpp">
      <Filter>Source Files</Filter>
    </ClCompile>
    <ClCompile Include="..\..\src\client\main.cpp">
      <Filter>Source Files</Filter>
    </ClCompile>
    <ClCompile Include="..\..\src\client\mainwindow.cpp">
      <Filter>Source Files</Filter>
    </ClCompile>
    <ClCompile Include="..\..\src\shared\log.cpp">
      <Filter>Source Files\Shared</Filter>
    </ClCompile>
    <ClCompile Include="..\..\src\shared\message.cpp">
      <Filter>Source Files\Shared</Filter>
    </ClCompile>
    <ClCompile Include="..\..\src\shared\package_buffer.cpp">
      <Filter>Source Files\Shared</Filter>
    </ClCompile>
    <ClCompile Include="..\..\src\shared\reference_buffer.cpp">
      <Filter>Source Files\Shared</Filter>
    </ClCompile>
    <ClCompile Include="..\..\src\shared\user.cpp">
      <Filter>Source Files\Shared</Filter>
    </ClCompile>
    <ClCompile Include="..\..\src\shared\clientid.cpp">
      <Filter>Source Files\Shared</Filter>
    </ClCompile>
    <ClCompile Include="..\..\src\shared\key.cpp">
      <Filter>Source Files\Shared</Filter>
    </ClCompile>
    <ClCompile Include="..\..\src\shared\buffer_spitter.cpp">
      <Filter>Source Files\Shared</Filter>
    </ClCompile>
  </ItemGroup>
  <ItemGroup>
    <ClInclude Include="..\..\include\client\clog.h">
      <Filter>Header Files</Filter>
    </ClInclude>
    <ClInclude Include="..\..\include\client\mainwindow.h">
      <Filter>Header Files</Filter>
    </ClInclude>
    <ClInclude Include="..\..\include\shared\configuration.h">
      <Filter>Header Files\shared</Filter>
    </ClInclude>
    <ClInclude Include="..\..\include\shared\error_enum.h">
      <Filter>Header Files\shared</Filter>
    </ClInclude>
    <ClInclude Include="..\..\include\shared\key.h">
      <Filter>Header Files\shared</Filter>
    </ClInclude>
    <ClInclude Include="..\..\include\shared\log.h">
      <Filter>Header Files\shared</Filter>
    </ClInclude>
    <ClInclude Include="..\..\include\shared\message.h">
      <Filter>Header Files\shared</Filter>
    </ClInclude>
    <ClInclude Include="..\..\include\shared\user.h">
      <Filter>Header Files\shared</Filter>
    </ClInclude>
    <ClInclude Include="..\..\include\shared\cipher.h">
      <Filter>Header Files\shared</Filter>
    </ClInclude>
    <ClInclude Include="..\..\include\shared\buffer.h">
      <Filter>Header Files\shared\containers</Filter>
    </ClInclude>
    <ClInclude Include="..\..\include\shared\buffer_spitter.h">
      <Filter>Header Files\shared\containers</Filter>
    </ClInclude>
    <ClInclude Include="..\..\include\shared\package_buffer.h">
      <Filter>Header Files\shared\containers</Filter>
    </ClInclude>
    <ClInclude Include="..\..\include\shared\package_update.h">
      <Filter>Header Files\shared\package</Filter>
    </ClInclude>
    <ClInclude Include="..\..\include\shared\package.h">
      <Filter>Header Files\shared\package</Filter>
    </ClInclude>
    <ClInclude Include="..\..\include\shared\package_information.h">
      <Filter>Header Files\shared\package</Filter>
    </ClInclude>
    <ClInclude Include="..\..\include\shared\package_instant_replay.h">
      <Filter>Header Files\shared\package</Filter>
    </ClInclude>
    <ClInclude Include="..\..\include\shared\package_signal.h">
      <Filter>Header Files\shared\package</Filter>
    </ClInclude>
    <ClInclude Include="..\..\include\shared\id_room.h">
      <Filter>Header Files\shared\identidiers</Filter>
    </ClInclude>
    <ClInclude Include="..\..\include\shared\id_client.h">
      <Filter>Header Files\shared\identidiers</Filter>
    </ClInclude>
    <ClInclude Include="..\..\include\shared\id_message.h">
      <Filter>Header Files\shared\identidiers</Filter>
    </ClInclude>
  </ItemGroup>
</Project>